# GEMINI_API_KEY: Required for Gemini AI API calls.
# AI Studio automatically injects this at runtime from user secrets.
# Users configure this via the Secrets panel in the AI Studio UI.
GEMINI_API_KEY="MY_GEMINI_API_KEY"
KV_URL=rediss://default:gQAAAAAAAfzWAAIgcDJkMjk2Zjk3YWQ2ZGE0OTJiYjJlY2I5NjFjNTVlZjM1NA@modest-bison-130262.upstash.io:6379
KV_REST_API_URL=https://modest-bison-130262.upstash.io
KV_REST_API_TOKEN=gQAAAAAAAfzWAAIgcDJkMjk2Zjk3YWQ2ZGE0OTJiYjJlY2I5NjFjNTVlZjM1NA
KV_REST_API_READ_ONLY_TOKEN=ggAAAAAAAfzWAAIgcDJvrhZPBD9whfqLv-vUYnIY3r_fWCijGT2JW44tCQjYig

# APP_URL: The URL where this applet is hosted.
# AI Studio automatically injects this at runtime with the Cloud Run service URL.
# Used for self-referential links, OAuth callbacks, and API endpoints.
APP_URL="MY_APP_URL"
